
Microsoft Visual Studio Solution File, Format Version 12.00
# Visual Studio Version 17
VisualStudioVersion = 17.14.36301.6 d17.14
MinimumVisualStudioVersion = 10.0.40219.1
Project("{FAE04EC0-301F-11D3-BF4B-00C04F79EFBC}") = "ElderlyCareApp", "ElderlyCareApp\ElderlyCareApp.csproj", "{FBC6566B-04D2-47B7-826D-1B7D600A5264}"
EndProject
Global
	GlobalSection(SolutionConfigurationPlatforms) = preSolution
		Debug|Any CPU = Debug|Any CPU
		Release|Any CPU = Release|Any CPU
	EndGlobalSection
	GlobalSection(ProjectConfigurationPlatforms) = postSolution
		{FBC6566B-04D2-47B7-826D-1B7D600A5264}.Debug|Any CPU.ActiveCfg = Debug|Any CPU
		{FBC6566B-04D2-47B7-826D-1B7D600A5264}.Debug|Any CPU.Build.0 = Debug|Any CPU
		{FBC6566B-04D2-47B7-826D-1B7D600A5264}.Release|Any CPU.ActiveCfg = Release|Any CPU
		{FBC6566B-04D2-47B7-826D-1B7D600A5264}.Release|Any CPU.Build.0 = Release|Any CPU
	EndGlobalSection
	GlobalSection(SolutionProperties) = preSolution
		HideSolutionNode = FALSE
	EndGlobalSection
	GlobalSection(ExtensibilityGlobals) = postSolution
		SolutionGuid = {23251C6B-3C43-46C3-8415-B81CA4F2F125}
	EndGlobalSection
EndGlobal
